github.com/TheBitDrifter/mask v0.0.0-20250302170854-74953aa585aa h1:4uVpECsjSHrl8jGNec9CXKj8zL+cranSx1FOVEa3G7E=
github.com/TheBitDrifter/mask v0.0.0-20250302170854-74953aa585aa/go.mod h1:2Gumixx/FRZwxlwMNCpSr38UTbS5gUSSGdntrSmivGk=
github.com/TheBitDrifter/util v0.0.0-20241102212109-342f4c0a810e h1:GichypQhTVgS3J1TpSs2nuij+L2EtxBSv70vjk03KAg=
github.com/TheBitDrifter/util v0.0.0-20241102212109-342f4c0a810e/go.mod h1:k3LfyqK/t6Tm1vP1jqGvmIgc05BTEI6rbOEhkXS1uH4=
